
Microsoft Visual Studio Solution File, Format Version 12.00
# Visual Studio Version 17
VisualStudioVersion = 17.6.33829.357
MinimumVisualStudioVersion = 10.0.40219.1
Project("{FAE04EC0-301F-11D3-BF4B-00C04F79EFBC}") = "EnumerableHashMap", "EnumerableHashMap\EnumerableHashMap.csproj", "{90222E4D-57CC-4259-95D0-12DF0D6F9D28}"
EndProject
Global
	GlobalSection(SolutionConfigurationPlatforms) = preSolution
		Debug|Any CPU = Debug|Any CPU
		Release|Any CPU = Release|Any CPU
	EndGlobalSection
	GlobalSection(ProjectConfigurationPlatforms) = postSolution
		{90222E4D-57CC-4259-95D0-12DF0D6F9D28}.Debug|Any CPU.ActiveCfg = Debug|Any CPU
		{90222E4D-57CC-4259-95D0-12DF0D6F9D28}.Debug|Any CPU.Build.0 = Debug|Any CPU
		{90222E4D-57CC-4259-95D0-12DF0D6F9D28}.Release|Any CPU.ActiveCfg = Release|Any CPU
		{90222E4D-57CC-4259-95D0-12DF0D6F9D28}.Release|Any CPU.Build.0 = Release|Any CPU
	EndGlobalSection
	GlobalSection(SolutionProperties) = preSolution
		HideSolutionNode = FALSE
	EndGlobalSection
	GlobalSection(ExtensibilityGlobals) = postSolution
		SolutionGuid = {6C82A4B2-B553-4858-99B3-1C6714224A9B}
	EndGlobalSection
EndGlobal
